// !$*UTF8*$!
{
	archiveVersion = 1;
	classes = {
	};
	objectVersion = 46;
	objects = {

/* Begin PBXBuildFile section */
		01332DAB1C75162400043031 /* BTNewRouteViewController.swift in Sources */ = {isa = PBXBuildFile; fileRef = 01332DAA1C75162400043031 /* BTNewRouteViewController.swift */; };
		01332DAD1C75163100043031 /* BTNewRouteViewInput.swift in Sources */ = {isa = PBXBuildFile; fileRef = 01332DAC1C75163100043031 /* BTNewRouteViewInput.swift */; };
		01332DAF1C75163E00043031 /* BTNewRouteViewOutput.swift in Sources */ = {isa = PBXBuildFile; fileRef = 01332DAE1C75163E00043031 /* BTNewRouteViewOutput.swift */; };
		0160A0651C7BA157000E16D7 /* BTDetailRouteUpcomingDisplayItem.swift in Sources */ = {isa = PBXBuildFile; fileRef = 0160A0641C7BA157000E16D7 /* BTDetailRouteUpcomingDisplayItem.swift */; };
		019558411C68BA7E0053C2CF /* AppDelegate.swift in Sources */ = {isa = PBXBuildFile; fileRef = 019558401C68BA7E0053C2CF /* AppDelegate.swift */; };
		019558461C68BA7E0053C2CF /* Main.storyboard in Resources */ = {isa = PBXBuildFile; fileRef = 019558441C68BA7E0053C2CF /* Main.storyboard */; };
		019558481C68BA7E0053C2CF /* Assets.xcassets in Resources */ = {isa = PBXBuildFile; fileRef = 019558471C68BA7E0053C2CF /* Assets.xcassets */; };
		019ABDDC1C7BA98B002B9B26 /* BTDetailRouteViewPresenter.swift in Sources */ = {isa = PBXBuildFile; fileRef = 019ABDDB1C7BA98B002B9B26 /* BTDetailRouteViewPresenter.swift */; };
		01F75D321C773BED00006D55 /* BTDetailRouteViewController.swift in Sources */ = {isa = PBXBuildFile; fileRef = 01F75D311C773BED00006D55 /* BTDetailRouteViewController.swift */; };
		01F75D341C773BF800006D55 /* BTDetailRouteViewInput.swift in Sources */ = {isa = PBXBuildFile; fileRef = 01F75D331C773BF800006D55 /* BTDetailRouteViewInput.swift */; };
		01F75D361C773C0100006D55 /* BTDetailRouteViewOutput.swift in Sources */ = {isa = PBXBuildFile; fileRef = 01F75D351C773C0100006D55 /* BTDetailRouteViewOutput.swift */; };
		287806DF1C80FA150079DEBA /* RouteCell.swift in Sources */ = {isa = PBXBuildFile; fileRef = 287806DE1C80FA150079DEBA /* RouteCell.swift */; };
		287806E11C81131E0079DEBA /* UIImage+Resize.swift in Sources */ = {isa = PBXBuildFile; fileRef = 287806E01C81131E0079DEBA /* UIImage+Resize.swift */; };
		287806E51C8128A20079DEBA /* BTRouteListItemViewProtocol.swift in Sources */ = {isa = PBXBuildFile; fileRef = 287806E41C8128A20079DEBA /* BTRouteListItemViewProtocol.swift */; };
		287806E71C8144670079DEBA /* BTRouteListItem.swift in Sources */ = {isa = PBXBuildFile; fileRef = 287806E61C8144670079DEBA /* BTRouteListItem.swift */; };
		289DEA9B1C70D1A7008CDE7F /* BTTrackItem.swift in Sources */ = {isa = PBXBuildFile; fileRef = EE24CDF01C69EBD10050097B /* BTTrackItem.swift */; };
		289DEA9D1C70D25D008CDE7F /* BTFetchDataPresenter.swift in Sources */ = {isa = PBXBuildFile; fileRef = EE24CDE81C69EB060050097B /* BTFetchDataPresenter.swift */; };
		289DEA9F1C70D280008CDE7F /* BTFetchTrackItemDelegate.swift in Sources */ = {isa = PBXBuildFile; fileRef = D062DA8C1C6C816B00C44198 /* BTFetchTrackItemDelegate.swift */; };
		28DD91831C7374DA00F9AA7A /* BTRouteListViewController.swift in Sources */ = {isa = PBXBuildFile; fileRef = 28DD91821C7374D900F9AA7A /* BTRouteListViewController.swift */; };
		28DD918B1C73D3F800F9AA7A /* BTRouteListViewInput.swift in Sources */ = {isa = PBXBuildFile; fileRef = 28DD918A1C73D3F800F9AA7A /* BTRouteListViewInput.swift */; };
		28DD918E1C73D6C300F9AA7A /* BTRouteListPresenter.swift in Sources */ = {isa = PBXBuildFile; fileRef = 28DD918D1C73D6C300F9AA7A /* BTRouteListPresenter.swift */; };
		28DD91901C73D72000F9AA7A /* BTRouteListViewOutput.swift in Sources */ = {isa = PBXBuildFile; fileRef = 28DD918F1C73D72000F9AA7A /* BTRouteListViewOutput.swift */; };
		D004899E1C708689000DD9C0 /* Item.xml in Resources */ = {isa = PBXBuildFile; fileRef = D004899D1C708689000DD9C0 /* Item.xml */; };
		D00489A21C711B82000DD9C0 /* BTNewRoutePresenter.swift in Sources */ = {isa = PBXBuildFile; fileRef = D00489A11C711B82000DD9C0 /* BTNewRoutePresenter.swift */; };
		D056A7EC1C919F78005E7AF3 /* Constants.swift in Sources */ = {isa = PBXBuildFile; fileRef = D056A7EB1C919F78005E7AF3 /* Constants.swift */; };
		D056A7EF1C919F8F005E7AF3 /* String+FilePath.swift in Sources */ = {isa = PBXBuildFile; fileRef = D056A7ED1C919F8F005E7AF3 /* String+FilePath.swift */; };
		D056A7F01C919F8F005E7AF3 /* String+MathFormatters.swift in Sources */ = {isa = PBXBuildFile; fileRef = D056A7EE1C919F8F005E7AF3 /* String+MathFormatters.swift */; };
		D061994C1C71C6D30079DA7A /* Podfile in Resources */ = {isa = PBXBuildFile; fileRef = D061994B1C71C6D30079DA7A /* Podfile */; };
		D062DA841C6BBA7C00C44198 /* Interactor_Bicycle_TrackerTests.swift in Sources */ = {isa = PBXBuildFile; fileRef = D062DA831C6BBA7C00C44198 /* Interactor_Bicycle_TrackerTests.swift */; };
		D09B5ED01C9205BC00BBD52D /* BTLocationManager.swift in Sources */ = {isa = PBXBuildFile; fileRef = D09B5ECF1C9205BC00BBD52D /* BTLocationManager.swift */; };
		D0AF7E171CABD1D4002746A1 /* BTCheckTrackingLocation.swift in Sources */ = {isa = PBXBuildFile; fileRef = D0AF7E161CABD1D4002746A1 /* BTCheckTrackingLocation.swift */; };
		D0AF7E231CAC0855002746A1 /* ReturnPath.m4a in Resources */ = {isa = PBXBuildFile; fileRef = D0AF7E221CAC0855002746A1 /* ReturnPath.m4a */; };
		D0AF7E251CAC0861002746A1 /* WrongWay.m4a in Resources */ = {isa = PBXBuildFile; fileRef = D0AF7E241CAC0861002746A1 /* WrongWay.m4a */; };
		D0B288211C8B1D2E00F30B0B /* BTProgressHud.swift in Sources */ = {isa = PBXBuildFile; fileRef = D0B288201C8B1D2E00F30B0B /* BTProgressHud.swift */; };
		D0B288231C8DF96700F30B0B /* ConstantsEnums.swift in Sources */ = {isa = PBXBuildFile; fileRef = D0B288221C8DF96700F30B0B /* ConstantsEnums.swift */; };
		D0B4B5AC1C75C5C600D89DE8 /* Bicycle Tracker-Bridging-Header.h in Sources */ = {isa = PBXBuildFile; fileRef = D0D23D621C73B3E600B5E9B7 /* Bicycle Tracker-Bridging-Header.h */; };
		D0B4B5AD1C75C63500D89DE8 /* GDataXMLNode.m in Sources */ = {isa = PBXBuildFile; fileRef = D0D23D631C73B3E600B5E9B7 /* GDataXMLNode.m */; settings = {COMPILER_FLAGS = "-fno-objc-arc"; }; };
		D0B4B5AE1C75C64A00D89DE8 /* GDataXMLNode.h in Sources */ = {isa = PBXBuildFile; fileRef = D0D23D611C73B3BC00B5E9B7 /* GDataXMLNode.h */; settings = {COMPILER_FLAGS = "-fno-objc-arc"; }; };
		D0BF323C1C96FE8A0033544A /* ReadWriteXMLFile.swift in Sources */ = {isa = PBXBuildFile; fileRef = D0FDD7F71C96CC6B007E9C68 /* ReadWriteXMLFile.swift */; };
		D0C1C9A51C770BC500F26506 /* BTDetailRouteViewInteractor.swift in Sources */ = {isa = PBXBuildFile; fileRef = D0C1C9A41C770BC500F26506 /* BTDetailRouteViewInteractor.swift */; };
		D0D23D591C72403500B5E9B7 /* BTXMLParser.swift in Sources */ = {isa = PBXBuildFile; fileRef = D0D23D581C72403500B5E9B7 /* BTXMLParser.swift */; };
		D0D23D5B1C726BF100B5E9B7 /* libxml2.tbd in Frameworks */ = {isa = PBXBuildFile; fileRef = D0D23D5A1C726BF100B5E9B7 /* libxml2.tbd */; };
		D0D23D5D1C726C0A00B5E9B7 /* libz.tbd in Frameworks */ = {isa = PBXBuildFile; fileRef = D0D23D5C1C726C0A00B5E9B7 /* libz.tbd */; };
		D0D23D5F1C72719D00B5E9B7 /* BTXMLDocumentWriter.swift in Sources */ = {isa = PBXBuildFile; fileRef = D0D23D5E1C72719D00B5E9B7 /* BTXMLDocumentWriter.swift */; };
		D0D23D661C75B3DF00B5E9B7 /* BTRouteListInteractor.swift in Sources */ = {isa = PBXBuildFile; fileRef = D0D23D651C75B3DF00B5E9B7 /* BTRouteListInteractor.swift */; };
		D0E0411E1C7B4A0200F1CF8A /* RouteListInteractorTests.swift in Sources */ = {isa = PBXBuildFile; fileRef = D0E0411D1C7B4A0200F1CF8A /* RouteListInteractorTests.swift */; };
		D0E041221C7B678900F1CF8A /* DetailRouteViewInteractorTests.swift in Sources */ = {isa = PBXBuildFile; fileRef = D0E0411B1C7B49C300F1CF8A /* DetailRouteViewInteractorTests.swift */; };
		D0E470301C9C86C500E80D2F /* BTDetermineComplexityTrack.swift in Sources */ = {isa = PBXBuildFile; fileRef = D0E4702F1C9C86C500E80D2F /* BTDetermineComplexityTrack.swift */; };
		D0E470321C9F03AE00E80D2F /* BTLocationMidWay.swift in Sources */ = {isa = PBXBuildFile; fileRef = D0E470311C9F03AE00E80D2F /* BTLocationMidWay.swift */; };
		D0ED729C1CA51AF70006CDC2 /* BTTrackingRouteInteractor.swift in Sources */ = {isa = PBXBuildFile; fileRef = D0ED729B1CA51AF70006CDC2 /* BTTrackingRouteInteractor.swift */; };
		D0ED729E1CA51B120006CDC2 /* BTTrackingRoutePresenter.swift in Sources */ = {isa = PBXBuildFile; fileRef = D0ED729D1CA51B120006CDC2 /* BTTrackingRoutePresenter.swift */; };
		D0ED72A01CA51B310006CDC2 /* BTTrackingRouteViewController.swift in Sources */ = {isa = PBXBuildFile; fileRef = D0ED729F1CA51B310006CDC2 /* BTTrackingRouteViewController.swift */; };
		D0ED72A31CA6AE490006CDC2 /* BTTrackingRouteAssembly.swift in Sources */ = {isa = PBXBuildFile; fileRef = D0ED72A21CA6AE490006CDC2 /* BTTrackingRouteAssembly.swift */; };
		D0ED72A51CA964F80006CDC2 /* BTUserTrack.swift in Sources */ = {isa = PBXBuildFile; fileRef = D0ED72A41CA964F80006CDC2 /* BTUserTrack.swift */; };
		D0FAF9471C7F00D300E83DEA /* QuartzCore.framework in Frameworks */ = {isa = PBXBuildFile; fileRef = D0FAF9461C7F00D300E83DEA /* QuartzCore.framework */; };
		E9FF569C00899A180B3AC83B /* libPods.a in Frameworks */ = {isa = PBXBuildFile; fileRef = 8DF1D45F595543B900DA828B /* libPods.a */; };
		EE24CDE11C68D64D0050097B /* BTNewRouteInteractor.swift in Sources */ = {isa = PBXBuildFile; fileRef = EE24CDE01C68D64D0050097B /* BTNewRouteInteractor.swift */; };
		EE24CDE51C69161D0050097B /* CoreLocation.framework in Frameworks */ = {isa = PBXBuildFile; fileRef = EE24CDE41C69161D0050097B /* CoreLocation.framework */; };
		EE24CDEB1C69EB3D0050097B /* BTGetDataFromPresenter.swift in Sources */ = {isa = PBXBuildFile; fileRef = EE24CDEA1C69EB3D0050097B /* BTGetDataFromPresenter.swift */; };
		EE24CDED1C69EB690050097B /* BTPoiItem.swift in Sources */ = {isa = PBXBuildFile; fileRef = EE24CDEC1C69EB690050097B /* BTPoiItem.swift */; };
		EE24CDEF1C69EBA00050097B /* BTGeolocationData.swift in Sources */ = {isa = PBXBuildFile; fileRef = EE24CDEE1C69EBA00050097B /* BTGeolocationData.swift */; };
		EE24CDF31C69F6610050097B /* BTGetDataFromPresenterRequest.swift in Sources */ = {isa = PBXBuildFile; fileRef = EE24CDF21C69F6610050097B /* BTGetDataFromPresenterRequest.swift */; };
/* End PBXBuildFile section */

/* Begin PBXContainerItemProxy section */
		D062DA861C6BBA7C00C44198 /* PBXContainerItemProxy */ = {
			isa = PBXContainerItemProxy;
			containerPortal = 019558351C68BA7E0053C2CF /* Project object */;
			proxyType = 1;
			remoteGlobalIDString = 0195583C1C68BA7E0053C2CF;
			remoteInfo = "Bicycle Tracker";
		};
/* End PBXContainerItemProxy section */

/* Begin PBXFileReference section */
		01332DAA1C75162400043031 /* BTNewRouteViewController.swift */ = {isa = PBXFileReference; fileEncoding = 4; lastKnownFileType = sourcecode.swift; path = BTNewRouteViewController.swift; sourceTree = "<group>"; };
		01332DAC1C75163100043031 /* BTNewRouteViewInput.swift */ = {isa = PBXFileReference; fileEncoding = 4; lastKnownFileType = sourcecode.swift; path = BTNewRouteViewInput.swift; sourceTree = "<group>"; };
		01332DAE1C75163E00043031 /* BTNewRouteViewOutput.swift */ = {isa = PBXFileReference; fileEncoding = 4; lastKnownFileType = sourcecode.swift; path = BTNewRouteViewOutput.swift; sourceTree = "<group>"; };
		0160A0641C7BA157000E16D7 /* BTDetailRouteUpcomingDisplayItem.swift */ = {isa = PBXFileReference; fileEncoding = 4; lastKnownFileType = sourcecode.swift; path = BTDetailRouteUpcomingDisplayItem.swift; sourceTree = "<group>"; };
		0195583D1C68BA7E0053C2CF /* Bicycle Tracker.app */ = {isa = PBXFileReference; explicitFileType = wrapper.application; includeInIndex = 0; path = "Bicycle Tracker.app"; sourceTree = BUILT_PRODUCTS_DIR; };
		019558401C68BA7E0053C2CF /* AppDelegate.swift */ = {isa = PBXFileReference; lastKnownFileType = sourcecode.swift; path = AppDelegate.swift; sourceTree = "<group>"; };
		019558451C68BA7E0053C2CF /* Base */ = {isa = PBXFileReference; lastKnownFileType = file.storyboard; name = Base; path = Base.lproj/Main.storyboard; sourceTree = "<group>"; };
		019558471C68BA7E0053C2CF /* Assets.xcassets */ = {isa = PBXFileReference; lastKnownFileType = folder.assetcatalog; path = Assets.xcassets; sourceTree = "<group>"; };
		0195584A1C68BA7E0053C2CF /* Base */ = {isa = PBXFileReference; lastKnownFileType = file.storyboard; name = Base; path = Base.lproj/LaunchScreen.storyboard; sourceTree = "<group>"; };
		0195584C1C68BA7E0053C2CF /* Info.plist */ = {isa = PBXFileReference; lastKnownFileType = text.plist.xml; path = Info.plist; sourceTree = "<group>"; };
		019ABDDB1C7BA98B002B9B26 /* BTDetailRouteViewPresenter.swift */ = {isa = PBXFileReference; fileEncoding = 4; lastKnownFileType = sourcecode.swift; path = BTDetailRouteViewPresenter.swift; sourceTree = "<group>"; };
		01F75D311C773BED00006D55 /* BTDetailRouteViewController.swift */ = {isa = PBXFileReference; fileEncoding = 4; lastKnownFileType = sourcecode.swift; path = BTDetailRouteViewController.swift; sourceTree = "<group>"; };
		01F75D331C773BF800006D55 /* BTDetailRouteViewInput.swift */ = {isa = PBXFileReference; fileEncoding = 4; lastKnownFileType = sourcecode.swift; path = BTDetailRouteViewInput.swift; sourceTree = "<group>"; };
		01F75D351C773C0100006D55 /* BTDetailRouteViewOutput.swift */ = {isa = PBXFileReference; fileEncoding = 4; lastKnownFileType = sourcecode.swift; path = BTDetailRouteViewOutput.swift; sourceTree = "<group>"; };
		287806DE1C80FA150079DEBA /* RouteCell.swift */ = {isa = PBXFileReference; fileEncoding = 4; lastKnownFileType = sourcecode.swift; path = RouteCell.swift; sourceTree = "<group>"; };
		287806E01C81131E0079DEBA /* UIImage+Resize.swift */ = {isa = PBXFileReference; fileEncoding = 4; lastKnownFileType = sourcecode.swift; path = "UIImage+Resize.swift"; sourceTree = "<group>"; };
		287806E41C8128A20079DEBA /* BTRouteListItemViewProtocol.swift */ = {isa = PBXFileReference; fileEncoding = 4; lastKnownFileType = sourcecode.swift; path = BTRouteListItemViewProtocol.swift; sourceTree = "<group>"; };
		287806E61C8144670079DEBA /* BTRouteListItem.swift */ = {isa = PBXFileReference; fileEncoding = 4; lastKnownFileType = sourcecode.swift; path = BTRouteListItem.swift; sourceTree = "<group>"; };
		28DD91821C7374D900F9AA7A /* BTRouteListViewController.swift */ = {isa = PBXFileReference; fileEncoding = 4; lastKnownFileType = sourcecode.swift; path = BTRouteListViewController.swift; sourceTree = "<group>"; };
		28DD918A1C73D3F800F9AA7A /* BTRouteListViewInput.swift */ = {isa = PBXFileReference; fileEncoding = 4; lastKnownFileType = sourcecode.swift; path = BTRouteListViewInput.swift; sourceTree = "<group>"; };
		28DD918D1C73D6C300F9AA7A /* BTRouteListPresenter.swift */ = {isa = PBXFileReference; fileEncoding = 4; lastKnownFileType = sourcecode.swift; path = BTRouteListPresenter.swift; sourceTree = "<group>"; };
		28DD918F1C73D72000F9AA7A /* BTRouteListViewOutput.swift */ = {isa = PBXFileReference; fileEncoding = 4; lastKnownFileType = sourcecode.swift; path = BTRouteListViewOutput.swift; sourceTree = "<group>"; };
		66944AD690075D1222CF7AC6 /* Pods.release.xcconfig */ = {isa = PBXFileReference; includeInIndex = 1; lastKnownFileType = text.xcconfig; name = Pods.release.xcconfig; path = "Pods/Target Support Files/Pods/Pods.release.xcconfig"; sourceTree = "<group>"; };
		8DF1D45F595543B900DA828B /* libPods.a */ = {isa = PBXFileReference; explicitFileType = archive.ar; includeInIndex = 0; path = libPods.a; sourceTree = BUILT_PRODUCTS_DIR; };
		B0D42901727EA1BBC9FBF90A /* Pods.debug.xcconfig */ = {isa = PBXFileReference; includeInIndex = 1; lastKnownFileType = text.xcconfig; name = Pods.debug.xcconfig; path = "Pods/Target Support Files/Pods/Pods.debug.xcconfig"; sourceTree = "<group>"; };
		D004899D1C708689000DD9C0 /* Item.xml */ = {isa = PBXFileReference; fileEncoding = 4; lastKnownFileType = text.xml; path = Item.xml; sourceTree = "<group>"; };
		D00489A11C711B82000DD9C0 /* BTNewRoutePresenter.swift */ = {isa = PBXFileReference; fileEncoding = 4; lastKnownFileType = sourcecode.swift; path = BTNewRoutePresenter.swift; sourceTree = "<group>"; };
		D056A7EB1C919F78005E7AF3 /* Constants.swift */ = {isa = PBXFileReference; fileEncoding = 4; lastKnownFileType = sourcecode.swift; path = Constants.swift; sourceTree = "<group>"; };
		D056A7ED1C919F8F005E7AF3 /* String+FilePath.swift */ = {isa = PBXFileReference; fileEncoding = 4; lastKnownFileType = sourcecode.swift; path = "String+FilePath.swift"; sourceTree = "<group>"; };
		D056A7EE1C919F8F005E7AF3 /* String+MathFormatters.swift */ = {isa = PBXFileReference; fileEncoding = 4; lastKnownFileType = sourcecode.swift; path = "String+MathFormatters.swift"; sourceTree = "<group>"; };
		D061994B1C71C6D30079DA7A /* Podfile */ = {isa = PBXFileReference; fileEncoding = 4; lastKnownFileType = text; path = Podfile; sourceTree = "<group>"; xcLanguageSpecificationIdentifier = xcode.lang.ruby; };
		D062DA811C6BBA7C00C44198 /* Interactor_Bicycle_TrackerTests.xctest */ = {isa = PBXFileReference; explicitFileType = wrapper.cfbundle; includeInIndex = 0; path = Interactor_Bicycle_TrackerTests.xctest; sourceTree = BUILT_PRODUCTS_DIR; };
		D062DA831C6BBA7C00C44198 /* Interactor_Bicycle_TrackerTests.swift */ = {isa = PBXFileReference; lastKnownFileType = sourcecode.swift; path = Interactor_Bicycle_TrackerTests.swift; sourceTree = "<group>"; };
		D062DA851C6BBA7C00C44198 /* Info.plist */ = {isa = PBXFileReference; lastKnownFileType = text.plist.xml; path = Info.plist; sourceTree = "<group>"; };
		D062DA8C1C6C816B00C44198 /* BTFetchTrackItemDelegate.swift */ = {isa = PBXFileReference; fileEncoding = 4; lastKnownFileType = sourcecode.swift; path = BTFetchTrackItemDelegate.swift; sourceTree = "<group>"; };
		D09B5ECF1C9205BC00BBD52D /* BTLocationManager.swift */ = {isa = PBXFileReference; fileEncoding = 4; lastKnownFileType = sourcecode.swift; path = BTLocationManager.swift; sourceTree = "<group>"; };
		D0AF7E161CABD1D4002746A1 /* BTCheckTrackingLocation.swift */ = {isa = PBXFileReference; fileEncoding = 4; lastKnownFileType = sourcecode.swift; path = BTCheckTrackingLocation.swift; sourceTree = "<group>"; };
		D0AF7E221CAC0855002746A1 /* ReturnPath.m4a */ = {isa = PBXFileReference; lastKnownFileType = file; path = ReturnPath.m4a; sourceTree = "<group>"; };
		D0AF7E241CAC0861002746A1 /* WrongWay.m4a */ = {isa = PBXFileReference; lastKnownFileType = file; path = WrongWay.m4a; sourceTree = "<group>"; };
		D0B288201C8B1D2E00F30B0B /* BTProgressHud.swift */ = {isa = PBXFileReference; fileEncoding = 4; lastKnownFileType = sourcecode.swift; path = BTProgressHud.swift; sourceTree = "<group>"; };
		D0B288221C8DF96700F30B0B /* ConstantsEnums.swift */ = {isa = PBXFileReference; fileEncoding = 4; lastKnownFileType = sourcecode.swift; path = ConstantsEnums.swift; sourceTree = "<group>"; };
		D0C1C9A41C770BC500F26506 /* BTDetailRouteViewInteractor.swift */ = {isa = PBXFileReference; fileEncoding = 4; lastKnownFileType = sourcecode.swift; path = BTDetailRouteViewInteractor.swift; sourceTree = "<group>"; };
		D0D23D581C72403500B5E9B7 /* BTXMLParser.swift */ = {isa = PBXFileReference; fileEncoding = 4; lastKnownFileType = sourcecode.swift; path = BTXMLParser.swift; sourceTree = "<group>"; };
		D0D23D5A1C726BF100B5E9B7 /* libxml2.tbd */ = {isa = PBXFileReference; lastKnownFileType = "sourcecode.text-based-dylib-definition"; name = libxml2.tbd; path = usr/lib/libxml2.tbd; sourceTree = SDKROOT; };
		D0D23D5C1C726C0A00B5E9B7 /* libz.tbd */ = {isa = PBXFileReference; lastKnownFileType = "sourcecode.text-based-dylib-definition"; name = libz.tbd; path = usr/lib/libz.tbd; sourceTree = SDKROOT; };
		D0D23D5E1C72719D00B5E9B7 /* BTXMLDocumentWriter.swift */ = {isa = PBXFileReference; fileEncoding = 4; lastKnownFileType = sourcecode.swift; path = BTXMLDocumentWriter.swift; sourceTree = "<group>"; };
		D0D23D611C73B3BC00B5E9B7 /* GDataXMLNode.h */ = {isa = PBXFileReference; lastKnownFileType = sourcecode.c.h; path = GDataXMLNode.h; sourceTree = "<group>"; };
		D0D23D621C73B3E600B5E9B7 /* Bicycle Tracker-Bridging-Header.h */ = {isa = PBXFileReference; lastKnownFileType = sourcecode.c.h; path = "Bicycle Tracker-Bridging-Header.h"; sourceTree = "<group>"; };
		D0D23D631C73B3E600B5E9B7 /* GDataXMLNode.m */ = {isa = PBXFileReference; fileEncoding = 4; lastKnownFileType = sourcecode.c.objc; path = GDataXMLNode.m; sourceTree = "<group>"; };
		D0D23D651C75B3DF00B5E9B7 /* BTRouteListInteractor.swift */ = {isa = PBXFileReference; fileEncoding = 4; lastKnownFileType = sourcecode.swift; path = BTRouteListInteractor.swift; sourceTree = "<group>"; };
		D0E0411B1C7B49C300F1CF8A /* DetailRouteViewInteractorTests.swift */ = {isa = PBXFileReference; fileEncoding = 4; lastKnownFileType = sourcecode.swift; path = DetailRouteViewInteractorTests.swift; sourceTree = "<group>"; };
		D0E0411D1C7B4A0200F1CF8A /* RouteListInteractorTests.swift */ = {isa = PBXFileReference; fileEncoding = 4; lastKnownFileType = sourcecode.swift; path = RouteListInteractorTests.swift; sourceTree = "<group>"; };
		D0E4702F1C9C86C500E80D2F /* BTDetermineComplexityTrack.swift */ = {isa = PBXFileReference; fileEncoding = 4; lastKnownFileType = sourcecode.swift; path = BTDetermineComplexityTrack.swift; sourceTree = "<group>"; };
		D0E470311C9F03AE00E80D2F /* BTLocationMidWay.swift */ = {isa = PBXFileReference; fileEncoding = 4; lastKnownFileType = sourcecode.swift; path = BTLocationMidWay.swift; sourceTree = "<group>"; };
		D0ED729B1CA51AF70006CDC2 /* BTTrackingRouteInteractor.swift */ = {isa = PBXFileReference; fileEncoding = 4; lastKnownFileType = sourcecode.swift; path = BTTrackingRouteInteractor.swift; sourceTree = "<group>"; };
		D0ED729D1CA51B120006CDC2 /* BTTrackingRoutePresenter.swift */ = {isa = PBXFileReference; fileEncoding = 4; lastKnownFileType = sourcecode.swift; path = BTTrackingRoutePresenter.swift; sourceTree = "<group>"; };
		D0ED729F1CA51B310006CDC2 /* BTTrackingRouteViewController.swift */ = {isa = PBXFileReference; fileEncoding = 4; lastKnownFileType = sourcecode.swift; path = BTTrackingRouteViewController.swift; sourceTree = "<group>"; };
		D0ED72A21CA6AE490006CDC2 /* BTTrackingRouteAssembly.swift */ = {isa = PBXFileReference; fileEncoding = 4; lastKnownFileType = sourcecode.swift; path = BTTrackingRouteAssembly.swift; sourceTree = "<group>"; };
		D0ED72A41CA964F80006CDC2 /* BTUserTrack.swift */ = {isa = PBXFileReference; fileEncoding = 4; lastKnownFileType = sourcecode.swift; path = BTUserTrack.swift; sourceTree = "<group>"; };
		D0FAF9461C7F00D300E83DEA /* QuartzCore.framework */ = {isa = PBXFileReference; lastKnownFileType = wrapper.framework; name = QuartzCore.framework; path = System/Library/Frameworks/QuartzCore.framework; sourceTree = SDKROOT; };
		D0FDD7F71C96CC6B007E9C68 /* ReadWriteXMLFile.swift */ = {isa = PBXFileReference; fileEncoding = 4; lastKnownFileType = sourcecode.swift; path = ReadWriteXMLFile.swift; sourceTree = "<group>"; };
		EE24CDE01C68D64D0050097B /* BTNewRouteInteractor.swift */ = {isa = PBXFileReference; fileEncoding = 4; lastKnownFileType = sourcecode.swift; path = BTNewRouteInteractor.swift; sourceTree = "<group>"; };
		EE24CDE41C69161D0050097B /* CoreLocation.framework */ = {isa = PBXFileReference; lastKnownFileType = wrapper.framework; name = CoreLocation.framework; path = System/Library/Frameworks/CoreLocation.framework; sourceTree = SDKROOT; };
		EE24CDE81C69EB060050097B /* BTFetchDataPresenter.swift */ = {isa = PBXFileReference; fileEncoding = 4; lastKnownFileType = sourcecode.swift; path = BTFetchDataPresenter.swift; sourceTree = "<group>"; };
		EE24CDEA1C69EB3D0050097B /* BTGetDataFromPresenter.swift */ = {isa = PBXFileReference; fileEncoding = 4; lastKnownFileType = sourcecode.swift; path = BTGetDataFromPresenter.swift; sourceTree = "<group>"; };
		EE24CDEC1C69EB690050097B /* BTPoiItem.swift */ = {isa = PBXFileReference; fileEncoding = 4; lastKnownFileType = sourcecode.swift; path = BTPoiItem.swift; sourceTree = "<group>"; };
		EE24CDEE1C69EBA00050097B /* BTGeolocationData.swift */ = {isa = PBXFileReference; fileEncoding = 4; lastKnownFileType = sourcecode.swift; path = BTGeolocationData.swift; sourceTree = "<group>"; };
		EE24CDF01C69EBD10050097B /* BTTrackItem.swift */ = {isa = PBXFileReference; fileEncoding = 4; lastKnownFileType = sourcecode.swift; path = BTTrackItem.swift; sourceTree = "<group>"; };
		EE24CDF21C69F6610050097B /* BTGetDataFromPresenterRequest.swift */ = {isa = PBXFileReference; fileEncoding = 4; lastKnownFileType = sourcecode.swift; path = BTGetDataFromPresenterRequest.swift; sourceTree = "<group>"; };
/* End PBXFileReference section */

/* Begin PBXFrameworksBuildPhase section */
		0195583A1C68BA7E0053C2CF /* Frameworks */ = {
			isa = PBXFrameworksBuildPhase;
			buildActionMask = 2147483647;
			files = (
				D0FAF9471C7F00D300E83DEA /* QuartzCore.framework in Frameworks */,
				D0D23D5D1C726C0A00B5E9B7 /* libz.tbd in Frameworks */,
				D0D23D5B1C726BF100B5E9B7 /* libxml2.tbd in Frameworks */,
				EE24CDE51C69161D0050097B /* CoreLocation.framework in Frameworks */,
				E9FF569C00899A180B3AC83B /* libPods.a in Frameworks */,
			);
			runOnlyForDeploymentPostprocessing = 0;
		};
		D062DA7E1C6BBA7C00C44198 /* Frameworks */ = {
			isa = PBXFrameworksBuildPhase;
			buildActionMask = 2147483647;
			files = (
			);
			runOnlyForDeploymentPostprocessing = 0;
		};
/* End PBXFrameworksBuildPhase section */

/* Begin PBXGroup section */
		0116E8F41C6BEC1700568E9C /* View */ = {
			isa = PBXGroup;
			children = (
				01332DAA1C75162400043031 /* BTNewRouteViewController.swift */,
				01332DAC1C75163100043031 /* BTNewRouteViewInput.swift */,
				01332DAE1C75163E00043031 /* BTNewRouteViewOutput.swift */,
			);
			name = View;
			sourceTree = "<group>";
		};
		0129D96C1C6D1B6D0064AE12 /* Frameworks */ = {
			isa = PBXGroup;
			children = (
				D0FAF9461C7F00D300E83DEA /* QuartzCore.framework */,
				EE24CDE41C69161D0050097B /* CoreLocation.framework */,
				D0D23D601C73B2AD00B5E9B7 /* XMLDocumentClass */,
				D0D23D5C1C726C0A00B5E9B7 /* libz.tbd */,
				D0D23D5A1C726BF100B5E9B7 /* libxml2.tbd */,
				8DF1D45F595543B900DA828B /* libPods.a */,
			);
			name = Frameworks;
			sourceTree = "<group>";
		};
		0129D96D1C6D3EC20064AE12 /* Outdoor mode */ = {
			isa = PBXGroup;
			children = (
				D0ED72971CA492C70006CDC2 /* TrackingRouteModule */,
				01B321AC1C75B3DF00F8C71C /* NewRouteModule */,
			);
			name = "Outdoor mode";
			sourceTree = "<group>";
		};
		0129D96E1C6D3EDA0064AE12 /* Indoor mode */ = {
			isa = PBXGroup;
			children = (
				01F75D301C773BD100006D55 /* DetailRouteModule */,
				28DD91881C73D33D00F9AA7A /* RouteListModule */,
			);
			name = "Indoor mode";
			sourceTree = "<group>";
		};
		019558341C68BA7E0053C2CF = {
			isa = PBXGroup;
			children = (
				D061994B1C71C6D30079DA7A /* Podfile */,
				0195583F1C68BA7E0053C2CF /* Bicycle Tracker */,
				D062DA821C6BBA7C00C44198 /* Interactor_Bicycle_TrackerTests */,
				0195583E1C68BA7E0053C2CF /* Products */,
				0129D96C1C6D1B6D0064AE12 /* Frameworks */,
				E08BB31E44A3999569BD685B /* Pods */,
			);
			sourceTree = "<group>";
		};
		0195583E1C68BA7E0053C2CF /* Products */ = {
			isa = PBXGroup;
			children = (
				0195583D1C68BA7E0053C2CF /* Bicycle Tracker.app */,
				D062DA811C6BBA7C00C44198 /* Interactor_Bicycle_TrackerTests.xctest */,
			);
			name = Products;
			sourceTree = "<group>";
		};
		0195583F1C68BA7E0053C2CF /* Bicycle Tracker */ = {
			isa = PBXGroup;
			children = (
				D0AF7E181CABEEB4002746A1 /* Alerts */,
				D056A7EA1C919F4A005E7AF3 /* Helpers */,
				D004899C1C708637000DD9C0 /* Item */,
				019558401C68BA7E0053C2CF /* AppDelegate.swift */,
				0129D96E1C6D3EDA0064AE12 /* Indoor mode */,
				0129D96D1C6D3EC20064AE12 /* Outdoor mode */,
				019558441C68BA7E0053C2CF /* Main.storyboard */,
				019558471C68BA7E0053C2CF /* Assets.xcassets */,
				019558491C68BA7E0053C2CF /* LaunchScreen.storyboard */,
				0195584C1C68BA7E0053C2CF /* Info.plist */,
				D0B288201C8B1D2E00F30B0B /* BTProgressHud.swift */,
			);
			path = "Bicycle Tracker";
			sourceTree = "<group>";
		};
		019ABDD61C7BA7EF002B9B26 /* Presenter */ = {
			isa = PBXGroup;
			children = (
				019ABDDB1C7BA98B002B9B26 /* BTDetailRouteViewPresenter.swift */,
				0160A0641C7BA157000E16D7 /* BTDetailRouteUpcomingDisplayItem.swift */,
			);
			name = Presenter;
			sourceTree = "<group>";
		};
		019ABDD71C7BA7F7002B9B26 /* View */ = {
			isa = PBXGroup;
			children = (
				01F75D311C773BED00006D55 /* BTDetailRouteViewController.swift */,
				01F75D331C773BF800006D55 /* BTDetailRouteViewInput.swift */,
				01F75D351C773C0100006D55 /* BTDetailRouteViewOutput.swift */,
			);
			name = View;
			sourceTree = "<group>";
		};
		019ABDD81C7BA7FC002B9B26 /* Interactor */ = {
			isa = PBXGroup;
			children = (
				D0C1C9A41C770BC500F26506 /* BTDetailRouteViewInteractor.swift */,
			);
			name = Interactor;
			sourceTree = "<group>";
		};
		019ABDD91C7BA897002B9B26 /* Interactor */ = {
			isa = PBXGroup;
			children = (
				EE24CDE01C68D64D0050097B /* BTNewRouteInteractor.swift */,
			);
			name = Interactor;
			sourceTree = "<group>";
		};
		019ABDDA1C7BA8A5002B9B26 /* Interactor */ = {
			isa = PBXGroup;
			children = (
				D0D23D651C75B3DF00B5E9B7 /* BTRouteListInteractor.swift */,
			);
			name = Interactor;
			sourceTree = "<group>";
		};
		01B321AC1C75B3DF00F8C71C /* NewRouteModule */ = {
			isa = PBXGroup;
			children = (
				019ABDD91C7BA897002B9B26 /* Interactor */,
				D00489991C704FCC000DD9C0 /* Presenter */,
				0116E8F41C6BEC1700568E9C /* View */,
			);
			name = NewRouteModule;
			sourceTree = "<group>";
		};
		01F75D301C773BD100006D55 /* DetailRouteModule */ = {
			isa = PBXGroup;
			children = (
				019ABDD81C7BA7FC002B9B26 /* Interactor */,
				019ABDD61C7BA7EF002B9B26 /* Presenter */,
				019ABDD71C7BA7F7002B9B26 /* View */,
			);
			name = DetailRouteModule;
			sourceTree = "<group>";
		};
		28DD91881C73D33D00F9AA7A /* RouteListModule */ = {
			isa = PBXGroup;
			children = (
				019ABDDA1C7BA8A5002B9B26 /* Interactor */,
				28DD918C1C73D67400F9AA7A /* Presenter */,
				28DD91891C73D37500F9AA7A /* View */,
			);
			name = RouteListModule;
			sourceTree = "<group>";
		};
		28DD91891C73D37500F9AA7A /* View */ = {
			isa = PBXGroup;
			children = (
				28DD91821C7374D900F9AA7A /* BTRouteListViewController.swift */,
				28DD918A1C73D3F800F9AA7A /* BTRouteListViewInput.swift */,
				28DD918F1C73D72000F9AA7A /* BTRouteListViewOutput.swift */,
				287806DE1C80FA150079DEBA /* RouteCell.swift */,
			);
			name = View;
			sourceTree = "<group>";
		};
		28DD918C1C73D67400F9AA7A /* Presenter */ = {
			isa = PBXGroup;
			children = (
				28DD918D1C73D6C300F9AA7A /* BTRouteListPresenter.swift */,
				287806E41C8128A20079DEBA /* BTRouteListItemViewProtocol.swift */,
				287806E61C8144670079DEBA /* BTRouteListItem.swift */,
			);
			name = Presenter;
			sourceTree = "<group>";
		};
		D00489991C704FCC000DD9C0 /* Presenter */ = {
			isa = PBXGroup;
			children = (
				D00489A11C711B82000DD9C0 /* BTNewRoutePresenter.swift */,
			);
			name = Presenter;
			sourceTree = "<group>";
		};
		D004899C1C708637000DD9C0 /* Item */ = {
			isa = PBXGroup;
			children = (
				D083C5041C7C56E600A9AC27 /* ItemChangeModule */,
				D0E041261C7C537400F1CF8A /* Servises */,
				D004899D1C708689000DD9C0 /* Item.xml */,
			);
			name = Item;
			sourceTree = "<group>";
		};
		D056A7EA1C919F4A005E7AF3 /* Helpers */ = {
			isa = PBXGroup;
			children = (
				D056A7ED1C919F8F005E7AF3 /* String+FilePath.swift */,
				D0E4702F1C9C86C500E80D2F /* BTDetermineComplexityTrack.swift */,
				D056A7EE1C919F8F005E7AF3 /* String+MathFormatters.swift */,
				D056A7EB1C919F78005E7AF3 /* Constants.swift */,
				287806E01C81131E0079DEBA /* UIImage+Resize.swift */,
				D0B288221C8DF96700F30B0B /* ConstantsEnums.swift */,
				D09B5ECF1C9205BC00BBD52D /* BTLocationManager.swift */,
			);
			name = Helpers;
			sourceTree = "<group>";
		};
		D062DA821C6BBA7C00C44198 /* Interactor_Bicycle_TrackerTests */ = {
			isa = PBXGroup;
			children = (
				D062DA851C6BBA7C00C44198 /* Info.plist */,
				D0E0411B1C7B49C300F1CF8A /* DetailRouteViewInteractorTests.swift */,
				D062DA831C6BBA7C00C44198 /* Interactor_Bicycle_TrackerTests.swift */,
				D0E0411D1C7B4A0200F1CF8A /* RouteListInteractorTests.swift */,
				D0FDD7F71C96CC6B007E9C68 /* ReadWriteXMLFile.swift */,
			);
			path = Interactor_Bicycle_TrackerTests;
			sourceTree = "<group>";
		};
		D083C5041C7C56E600A9AC27 /* ItemChangeModule */ = {
			isa = PBXGroup;
			children = (
				EE24CDE81C69EB060050097B /* BTFetchDataPresenter.swift */,
				EE24CDEA1C69EB3D0050097B /* BTGetDataFromPresenter.swift */,
				EE24CDEC1C69EB690050097B /* BTPoiItem.swift */,
				EE24CDEE1C69EBA00050097B /* BTGeolocationData.swift */,
				EE24CDF21C69F6610050097B /* BTGetDataFromPresenterRequest.swift */,
				EE24CDF01C69EBD10050097B /* BTTrackItem.swift */,
				D0ED72A41CA964F80006CDC2 /* BTUserTrack.swift */,
				D0E470311C9F03AE00E80D2F /* BTLocationMidWay.swift */,
			);
			name = ItemChangeModule;
			sourceTree = "<group>";
		};
		D0AF7E181CABEEB4002746A1 /* Alerts */ = {
			isa = PBXGroup;
			children = (
				D0AF7E241CAC0861002746A1 /* WrongWay.m4a */,
				D0AF7E221CAC0855002746A1 /* ReturnPath.m4a */,
			);
			name = Alerts;
			sourceTree = "<group>";
		};
		D0D23D601C73B2AD00B5E9B7 /* XMLDocumentClass */ = {
			isa = PBXGroup;
			children = (
				D0D23D631C73B3E600B5E9B7 /* GDataXMLNode.m */,
				D0D23D611C73B3BC00B5E9B7 /* GDataXMLNode.h */,
				D0D23D621C73B3E600B5E9B7 /* Bicycle Tracker-Bridging-Header.h */,
			);
			name = XMLDocumentClass;
			sourceTree = "<group>";
		};
		D0E041261C7C537400F1CF8A /* Servises */ = {
			isa = PBXGroup;
			children = (
				D0D23D5E1C72719D00B5E9B7 /* BTXMLDocumentWriter.swift */,
				D0D23D581C72403500B5E9B7 /* BTXMLParser.swift */,
				D062DA8C1C6C816B00C44198 /* BTFetchTrackItemDelegate.swift */,
			);
			name = Servises;
			sourceTree = "<group>";
		};
		D0ED72971CA492C70006CDC2 /* TrackingRouteModule */ = {
			isa = PBXGroup;
			children = (
				D0ED72A11CA6AE230006CDC2 /* Assembly */,
				D0ED72981CA492E00006CDC2 /* Interactor */,
				D0ED729A1CA492F50006CDC2 /* Presenter */,
				D0ED72991CA492ED0006CDC2 /* View */,
			);
			name = TrackingRouteModule;
			sourceTree = "<group>";
		};
		D0ED72981CA492E00006CDC2 /* Interactor */ = {
			isa = PBXGroup;
			children = (
				D0ED729B1CA51AF70006CDC2 /* BTTrackingRouteInteractor.swift */,
				D0AF7E161CABD1D4002746A1 /* BTCheckTrackingLocation.swift */,
			);
			name = Interactor;
			sourceTree = "<group>";
		};
		D0ED72991CA492ED0006CDC2 /* View */ = {
			isa = PBXGroup;
			children = (
				D0ED729F1CA51B310006CDC2 /* BTTrackingRouteViewController.swift */,
			);
			name = View;
			sourceTree = "<group>";
		};
		D0ED729A1CA492F50006CDC2 /* Presenter */ = {
			isa = PBXGroup;
			children = (
				D0ED729D1CA51B120006CDC2 /* BTTrackingRoutePresenter.swift */,
			);
			name = Presenter;
			sourceTree = "<group>";
		};
		D0ED72A11CA6AE230006CDC2 /* Assembly */ = {
			isa = PBXGroup;
			children = (
				D0ED72A21CA6AE490006CDC2 /* BTTrackingRouteAssembly.swift */,
			);
			name = Assembly;
			sourceTree = "<group>";
		};
		E08BB31E44A3999569BD685B /* Pods */ = {
			isa = PBXGroup;
			children = (
				B0D42901727EA1BBC9FBF90A /* Pods.debug.xcconfig */,
				66944AD690075D1222CF7AC6 /* Pods.release.xcconfig */,
			);
			name = Pods;
			sourceTree = "<group>";
		};
/* End PBXGroup section */

/* Begin PBXNativeTarget section */
		0195583C1C68BA7E0053C2CF /* Bicycle Tracker */ = {
			isa = PBXNativeTarget;
			buildConfigurationList = 019558651C68BA7E0053C2CF /* Build configuration list for PBXNativeTarget "Bicycle Tracker" */;
			buildPhases = (
				81ED6DD9464DD6DB9B0B531B /* Check Pods Manifest.lock */,
				019558391C68BA7E0053C2CF /* Sources */,
				0195583A1C68BA7E0053C2CF /* Frameworks */,
				0195583B1C68BA7E0053C2CF /* Resources */,
				EEA1FF41FB6070214A231282 /* Copy Pods Resources */,
				0183FA8A1C89677F003BAE14 /* ShellScript */,
				080C1110C809895A8BB36205 /* Embed Pods Frameworks */,
			);
			buildRules = (
			);
			dependencies = (
			);
			name = "Bicycle Tracker";
			productName = "Bicycle Tracker";
			productReference = 0195583D1C68BA7E0053C2CF /* Bicycle Tracker.app */;
			productType = "com.apple.product-type.application";
		};
		D062DA801C6BBA7C00C44198 /* Interactor_Bicycle_TrackerTests */ = {
			isa = PBXNativeTarget;
			buildConfigurationList = D062DA8A1C6BBA7C00C44198 /* Build configuration list for PBXNativeTarget "Interactor_Bicycle_TrackerTests" */;
			buildPhases = (
				D062DA7D1C6BBA7C00C44198 /* Sources */,
				D062DA7E1C6BBA7C00C44198 /* Frameworks */,
				D062DA7F1C6BBA7C00C44198 /* Resources */,
			);
			buildRules = (
			);
			dependencies = (
				D062DA871C6BBA7C00C44198 /* PBXTargetDependency */,
			);
			name = Interactor_Bicycle_TrackerTests;
			productName = Interactor_Bicycle_TrackerTests;
			productReference = D062DA811C6BBA7C00C44198 /* Interactor_Bicycle_TrackerTests.xctest */;
			productType = "com.apple.product-type.bundle.unit-test";
		};
/* End PBXNativeTarget section */

/* Begin PBXProject section */
		019558351C68BA7E0053C2CF /* Project object */ = {
			isa = PBXProject;
			attributes = {
				LastSwiftUpdateCheck = 0720;
				LastUpgradeCheck = 0720;
				ORGANIZATIONNAME = imvimm;
				TargetAttributes = {
					0195583C1C68BA7E0053C2CF = {
						CreatedOnToolsVersion = 7.2;
						DevelopmentTeam = K56T4QW2ZC;
						SystemCapabilities = {
							com.apple.BackgroundModes = {
								enabled = 1;
							};
							com.apple.GameCenter = {
								enabled = 0;
							};
							com.apple.Maps.iOS = {
								enabled = 0;
							};
						};
					};
					D062DA801C6BBA7C00C44198 = {
						CreatedOnToolsVersion = 7.2.1;
						TestTargetID = 0195583C1C68BA7E0053C2CF;
					};
				};
			};
			buildConfigurationList = 019558381C68BA7E0053C2CF /* Build configuration list for PBXProject "Bicycle Tracker" */;
			compatibilityVersion = "Xcode 3.2";
			developmentRegion = English;
			hasScannedForEncodings = 0;
			knownRegions = (
				en,
				Base,
			);
			mainGroup = 019558341C68BA7E0053C2CF;
			productRefGroup = 0195583E1C68BA7E0053C2CF /* Products */;
			projectDirPath = "";
			projectRoot = "";
			targets = (
				0195583C1C68BA7E0053C2CF /* Bicycle Tracker */,
				D062DA801C6BBA7C00C44198 /* Interactor_Bicycle_TrackerTests */,
			);
		};
/* End PBXProject section */

/* Begin PBXResourcesBuildPhase section */
		0195583B1C68BA7E0053C2CF /* Resources */ = {
			isa = PBXResourcesBuildPhase;
			buildActionMask = 2147483647;
			files = (
				D061994C1C71C6D30079DA7A /* Podfile in Resources */,
				019558481C68BA7E0053C2CF /* Assets.xcassets in Resources */,
				D0AF7E251CAC0861002746A1 /* WrongWay.m4a in Resources */,
				D0AF7E231CAC0855002746A1 /* ReturnPath.m4a in Resources */,
				D004899E1C708689000DD9C0 /* Item.xml in Resources */,
				019558461C68BA7E0053C2CF /* Main.storyboard in Resources */,
			);
			runOnlyForDeploymentPostprocessing = 0;
		};
		D062DA7F1C6BBA7C00C44198 /* Resources */ = {
			isa = PBXResourcesBuildPhase;
			buildActionMask = 2147483647;
			files = (
			);
			runOnlyForDeploymentPostprocessing = 0;
		};
/* End PBXResourcesBuildPhase section */

/* Begin PBXShellScriptBuildPhase section */
		0183FA8A1C89677F003BAE14 /* ShellScript */ = {
			isa = PBXShellScriptBuildPhase;
			buildActionMask = 12;
			files = (
			);
			inputPaths = (
			);
			outputPaths = (
			);
			runOnlyForDeploymentPostprocessing = 0;
			shellPath = /bin/sh;
			shellScript = "\"${PODS_ROOT}/Fabric/run\" 11af7f17b540e6b0366adab17b1acc993aa90812 46d4f21af57a7f89215f135a59a9a4f47bfb31eef2b77e91475d04a4e50342b3\n";
		};
		080C1110C809895A8BB36205 /* Embed Pods Frameworks */ = {
			isa = PBXShellScriptBuildPhase;
			buildActionMask = 2147483647;
			files = (
			);
			inputPaths = (
			);
			name = "Embed Pods Frameworks";
			outputPaths = (
			);
			runOnlyForDeploymentPostprocessing = 0;
			shellPath = /bin/sh;
			shellScript = "\"${SRCROOT}/Pods/Target Support Files/Pods/Pods-frameworks.sh\"\n";
			showEnvVarsInLog = 0;
		};
		81ED6DD9464DD6DB9B0B531B /* Check Pods Manifest.lock */ = {
			isa = PBXShellScriptBuildPhase;
			buildActionMask = 2147483647;
			files = (
			);
			inputPaths = (
			);
			name = "Check Pods Manifest.lock";
			outputPaths = (
			);
			runOnlyForDeploymentPostprocessing = 0;
			shellPath = /bin/sh;
			shellScript = "diff \"${PODS_ROOT}/../Podfile.lock\" \"${PODS_ROOT}/Manifest.lock\" > /dev/null\nif [[ $? != 0 ]] ; then\n    cat << EOM\nerror: The sandbox is not in sync with the Podfile.lock. Run 'pod install' or update your CocoaPods installation.\nEOM\n    exit 1\nfi\n";
			showEnvVarsInLog = 0;
		};
		EEA1FF41FB6070214A231282 /* Copy Pods Resources */ = {
			isa = PBXShellScriptBuildPhase;
			buildActionMask = 2147483647;
			files = (
			);
			inputPaths = (
			);
			name = "Copy Pods Resources";
			outputPaths = (
			);
			runOnlyForDeploymentPostprocessing = 0;
			shellPath = /bin/sh;
			shellScript = "\"${SRCROOT}/Pods/Target Support Files/Pods/Pods-resources.sh\"\n";
			showEnvVarsInLog = 0;
		};
/* End PBXShellScriptBuildPhase section */

/* Begin PBXSourcesBuildPhase section */
		019558391C68BA7E0053C2CF /* Sources */ = {
			isa = PBXSourcesBuildPhase;
			buildActionMask = 2147483647;
			files = (
				D0B4B5AE1C75C64A00D89DE8 /* GDataXMLNode.h in Sources */,
				D0B4B5AD1C75C63500D89DE8 /* GDataXMLNode.m in Sources */,
				0160A0651C7BA157000E16D7 /* BTDetailRouteUpcomingDisplayItem.swift in Sources */,
				D0B4B5AC1C75C5C600D89DE8 /* Bicycle Tracker-Bridging-Header.h in Sources */,
				D0B288231C8DF96700F30B0B /* ConstantsEnums.swift in Sources */,
				01F75D321C773BED00006D55 /* BTDetailRouteViewController.swift in Sources */,
				287806E51C8128A20079DEBA /* BTRouteListItemViewProtocol.swift in Sources */,
				D0ED729C1CA51AF70006CDC2 /* BTTrackingRouteInteractor.swift in Sources */,
				289DEA9F1C70D280008CDE7F /* BTFetchTrackItemDelegate.swift in Sources */,
				01F75D341C773BF800006D55 /* BTDetailRouteViewInput.swift in Sources */,
				EE24CDEF1C69EBA00050097B /* BTGeolocationData.swift in Sources */,
				EE24CDE11C68D64D0050097B /* BTNewRouteInteractor.swift in Sources */,
				D09B5ED01C9205BC00BBD52D /* BTLocationManager.swift in Sources */,
				019ABDDC1C7BA98B002B9B26 /* BTDetailRouteViewPresenter.swift in Sources */,
				D00489A21C711B82000DD9C0 /* BTNewRoutePresenter.swift in Sources */,
				D0ED729E1CA51B120006CDC2 /* BTTrackingRoutePresenter.swift in Sources */,
				01332DAF1C75163E00043031 /* BTNewRouteViewOutput.swift in Sources */,
				28DD918E1C73D6C300F9AA7A /* BTRouteListPresenter.swift in Sources */,
				D056A7F01C919F8F005E7AF3 /* String+MathFormatters.swift in Sources */,
				D0E470301C9C86C500E80D2F /* BTDetermineComplexityTrack.swift in Sources */,
				019558411C68BA7E0053C2CF /* AppDelegate.swift in Sources */,
				D0D23D661C75B3DF00B5E9B7 /* BTRouteListInteractor.swift in Sources */,
				D0E470321C9F03AE00E80D2F /* BTLocationMidWay.swift in Sources */,
				D0D23D5F1C72719D00B5E9B7 /* BTXMLDocumentWriter.swift in Sources */,
				287806E71C8144670079DEBA /* BTRouteListItem.swift in Sources */,
				D0ED72A01CA51B310006CDC2 /* BTTrackingRouteViewController.swift in Sources */,
				01F75D361C773C0100006D55 /* BTDetailRouteViewOutput.swift in Sources */,
				28DD91831C7374DA00F9AA7A /* BTRouteListViewController.swift in Sources */,
				EE24CDED1C69EB690050097B /* BTPoiItem.swift in Sources */,
				D056A7EF1C919F8F005E7AF3 /* String+FilePath.swift in Sources */,
				28DD91901C73D72000F9AA7A /* BTRouteListViewOutput.swift in Sources */,
				EE24CDF31C69F6610050097B /* BTGetDataFromPresenterRequest.swift in Sources */,
				D0ED72A51CA964F80006CDC2 /* BTUserTrack.swift in Sources */,
				EE24CDEB1C69EB3D0050097B /* BTGetDataFromPresenter.swift in Sources */,
				01332DAB1C75162400043031 /* BTNewRouteViewController.swift in Sources */,
				D0B288211C8B1D2E00F30B0B /* BTProgressHud.swift in Sources */,
				287806DF1C80FA150079DEBA /* RouteCell.swift in Sources */,
				287806E11C81131E0079DEBA /* UIImage+Resize.swift in Sources */,
				289DEA9B1C70D1A7008CDE7F /* BTTrackItem.swift in Sources */,
				28DD918B1C73D3F800F9AA7A /* BTRouteListViewInput.swift in Sources */,
				289DEA9D1C70D25D008CDE7F /* BTFetchDataPresenter.swift in Sources */,
				01332DAD1C75163100043031 /* BTNewRouteViewInput.swift in Sources */,
				D0C1C9A51C770BC500F26506 /* BTDetailRouteViewInteractor.swift in Sources */,
				D0ED72A31CA6AE490006CDC2 /* BTTrackingRouteAssembly.swift in Sources */,
				D0AF7E171CABD1D4002746A1 /* BTCheckTrackingLocation.swift in Sources */,
				D056A7EC1C919F78005E7AF3 /* Constants.swift in Sources */,
				D0D23D591C72403500B5E9B7 /* BTXMLParser.swift in Sources */,
			);
			runOnlyForDeploymentPostprocessing = 0;
		};
		D062DA7D1C6BBA7C00C44198 /* Sources */ = {
			isa = PBXSourcesBuildPhase;
			buildActionMask = 2147483647;
			files = (
				D0E0411E1C7B4A0200F1CF8A /* RouteListInteractorTests.swift in Sources */,
				D0BF323C1C96FE8A0033544A /* ReadWriteXMLFile.swift in Sources */,
				D0E041221C7B678900F1CF8A /* DetailRouteViewInteractorTests.swift in Sources */,
				D062DA841C6BBA7C00C44198 /* Interactor_Bicycle_TrackerTests.swift in Sources */,
			);
			runOnlyForDeploymentPostprocessing = 0;
		};
/* End PBXSourcesBuildPhase section */

/* Begin PBXTargetDependency section */
		D062DA871C6BBA7C00C44198 /* PBXTargetDependency */ = {
			isa = PBXTargetDependency;
			target = 0195583C1C68BA7E0053C2CF /* Bicycle Tracker */;
			targetProxy = D062DA861C6BBA7C00C44198 /* PBXContainerItemProxy */;
		};
/* End PBXTargetDependency section */

/* Begin PBXVariantGroup section */
		019558441C68BA7E0053C2CF /* Main.storyboard */ = {
			isa = PBXVariantGroup;
			children = (
				019558451C68BA7E0053C2CF /* Base */,
			);
			name = Main.storyboard;
			sourceTree = "<group>";
		};
		019558491C68BA7E0053C2CF /* LaunchScreen.storyboard */ = {
			isa = PBXVariantGroup;
			children = (
				0195584A1C68BA7E0053C2CF /* Base */,
			);
			name = LaunchScreen.storyboard;
			sourceTree = "<group>";
		};
/* End PBXVariantGroup section */

/* Begin XCBuildConfiguration section */
		019558631C68BA7E0053C2CF /* Debug */ = {
			isa = XCBuildConfiguration;
			buildSettings = {
				ALWAYS_SEARCH_USER_PATHS = NO;
				CLANG_CXX_LANGUAGE_STANDARD = "gnu++0x";
				CLANG_CXX_LIBRARY = "libc++";
				CLANG_ENABLE_MODULES = YES;
				CLANG_ENABLE_OBJC_ARC = YES;
				CLANG_WARN_BOOL_CONVERSION = YES;
				CLANG_WARN_CONSTANT_CONVERSION = YES;
				CLANG_WARN_DIRECT_OBJC_ISA_USAGE = YES_ERROR;
				CLANG_WARN_EMPTY_BODY = YES;
				CLANG_WARN_ENUM_CONVERSION = YES;
				CLANG_WARN_INT_CONVERSION = YES;
				CLANG_WARN_OBJC_ROOT_CLASS = YES_ERROR;
				CLANG_WARN_UNREACHABLE_CODE = YES;
				CLANG_WARN__DUPLICATE_METHOD_MATCH = YES;
				"CODE_SIGN_IDENTITY[sdk=iphoneos*]" = "iPhone Developer";
				COPY_PHASE_STRIP = NO;
				DEBUG_INFORMATION_FORMAT = dwarf;
				ENABLE_STRICT_OBJC_MSGSEND = YES;
				ENABLE_TESTABILITY = YES;
				GCC_C_LANGUAGE_STANDARD = gnu99;
				GCC_DYNAMIC_NO_PIC = NO;
				GCC_NO_COMMON_BLOCKS = YES;
				GCC_OPTIMIZATION_LEVEL = 0;
				GCC_PREPROCESSOR_DEFINITIONS = (
					"DEBUG=1",
					"$(inherited)",
				);
				GCC_WARN_64_TO_32_BIT_CONVERSION = YES;
				GCC_WARN_ABOUT_RETURN_TYPE = YES_ERROR;
				GCC_WARN_UNDECLARED_SELECTOR = YES;
				GCC_WARN_UNINITIALIZED_AUTOS = YES_AGGRESSIVE;
				GCC_WARN_UNUSED_FUNCTION = YES;
				GCC_WARN_UNUSED_VARIABLE = YES;
				IPHONEOS_DEPLOYMENT_TARGET = 8.1;
				MTL_ENABLE_DEBUG_INFO = YES;
				ONLY_ACTIVE_ARCH = YES;
				SDKROOT = iphoneos;
				SWIFT_OPTIMIZATION_LEVEL = "-Onone";
			};
			name = Debug;
		};
		019558641C68BA7E0053C2CF /* Release */ = {
			isa = XCBuildConfiguration;
			buildSettings = {
				ALWAYS_SEARCH_USER_PATHS = NO;
				CLANG_CXX_LANGUAGE_STANDARD = "gnu++0x";
				CLANG_CXX_LIBRARY = "libc++";
				CLANG_ENABLE_MODULES = YES;
				CLANG_ENABLE_OBJC_ARC = YES;
				CLANG_WARN_BOOL_CONVERSION = YES;
				CLANG_WARN_CONSTANT_CONVERSION = YES;
				CLANG_WARN_DIRECT_OBJC_ISA_USAGE = YES_ERROR;
				CLANG_WARN_EMPTY_BODY = YES;
				CLANG_WARN_ENUM_CONVERSION = YES;
				CLANG_WARN_INT_CONVERSION = YES;
				CLANG_WARN_OBJC_ROOT_CLASS = YES_ERROR;
				CLANG_WARN_UNREACHABLE_CODE = YES;
				CLANG_WARN__DUPLICATE_METHOD_MATCH = YES;
				"CODE_SIGN_IDENTITY[sdk=iphoneos*]" = "iPhone Developer";
				COPY_PHASE_STRIP = NO;
				DEBUG_INFORMATION_FORMAT = "dwarf-with-dsym";
				ENABLE_NS_ASSERTIONS = NO;
				ENABLE_STRICT_OBJC_MSGSEND = YES;
				GCC_C_LANGUAGE_STANDARD = gnu99;
				GCC_NO_COMMON_BLOCKS = YES;
				GCC_WARN_64_TO_32_BIT_CONVERSION = YES;
				GCC_WARN_ABOUT_RETURN_TYPE = YES_ERROR;
				GCC_WARN_UNDECLARED_SELECTOR = YES;
				GCC_WARN_UNINITIALIZED_AUTOS = YES_AGGRESSIVE;
				GCC_WARN_UNUSED_FUNCTION = YES;
				GCC_WARN_UNUSED_VARIABLE = YES;
				IPHONEOS_DEPLOYMENT_TARGET = 8.1;
				MTL_ENABLE_DEBUG_INFO = NO;
				SDKROOT = iphoneos;
				SWIFT_OPTIMIZATION_LEVEL = "-Onone";
				VALIDATE_PRODUCT = YES;
			};
			name = Release;
		};
		019558661C68BA7E0053C2CF /* Debug */ = {
			isa = XCBuildConfiguration;
			baseConfigurationReference = B0D42901727EA1BBC9FBF90A /* Pods.debug.xcconfig */;
			buildSettings = {
				ASSETCATALOG_COMPILER_APPICON_NAME = AppIcon;
				CLANG_ENABLE_MODULES = YES;
				CODE_SIGN_IDENTITY = "iPhone Developer";
				"CODE_SIGN_IDENTITY[sdk=iphoneos*]" = "iPhone Developer";
				HEADER_SEARCH_PATHS = (
					"$(inherited)/**",
					"\"${PODS_ROOT}/Headers/Public\"/**",
					"\"${PODS_ROOT}/Headers/Public/Crashlytics\"/**",
					"\"${PODS_ROOT}/Headers/Public/Fabric\"/**",
					"\"${PODS_ROOT}/Headers/Public/MBProgressHUD\"/**",
					"$(SDKROOT)/usr/include/libxml2",
				);
				INFOPLIST_FILE = "Bicycle Tracker/Info.plist";
				IPHONEOS_DEPLOYMENT_TARGET = 8.0;
				LD_RUNPATH_SEARCH_PATHS = "$(inherited) @executable_path/Frameworks";
				OTHER_LDFLAGS = (
					"$(inherited)",
					"-ObjC",
					"-l\"MBProgressHUD\"",
					"-l\"c++\"",
					"-l\"z\"",
					"-framework",
					"\"CoreGraphics\"",
					"-framework",
					"\"Crashlytics\"",
					"-framework",
					"\"Fabric\"",
					"-framework",
					"\"Security\"",
					"-framework",
					"\"SystemConfiguration\"",
					"-framework",
					"\"UIKit\"",
					"-lxml2",
				);
				PRODUCT_BUNDLE_IDENTIFIER = com.svitla.bicycletracker;
				PRODUCT_NAME = "$(TARGET_NAME)";
				PROVISIONING_PROFILE = "";
				SWIFT_OBJC_BRIDGING_HEADER = "Bicycle Tracker-Bridging-Header.h";
				SWIFT_OPTIMIZATION_LEVEL = "-Onone";
			};
			name = Debug;
		};
		019558671C68BA7E0053C2CF /* Release */ = {
			isa = XCBuildConfiguration;
			baseConfigurationReference = 66944AD690075D1222CF7AC6 /* Pods.release.xcconfig */;
			buildSettings = {
				ASSETCATALOG_COMPILER_APPICON_NAME = AppIcon;
				CLANG_ENABLE_MODULES = YES;
				CODE_SIGN_IDENTITY = "iPhone Developer";
				"CODE_SIGN_IDENTITY[sdk=iphoneos*]" = "iPhone Developer";
				HEADER_SEARCH_PATHS = (
					"$(inherited)/**",
					"\"${PODS_ROOT}/Headers/Public\"/**",
					"\"${PODS_ROOT}/Headers/Public/Crashlytics\"/**",
					"\"${PODS_ROOT}/Headers/Public/Fabric\"/**",
					"\"${PODS_ROOT}/Headers/Public/MBProgressHUD\"/**",
					"$(SDKROOT)/usr/include/libxml2",
				);
				INFOPLIST_FILE = "Bicycle Tracker/Info.plist";
				IPHONEOS_DEPLOYMENT_TARGET = 8.0;
				LD_RUNPATH_SEARCH_PATHS = "$(inherited) @executable_path/Frameworks";
				OTHER_LDFLAGS = (
					"$(inherited)",
					"-ObjC",
					"-l\"MBProgressHUD\"",
					"-l\"c++\"",
					"-l\"z\"",
					"-framework",
					"\"CoreGraphics\"",
					"-framework",
					"\"Crashlytics\"",
					"-framework",
					"\"Fabric\"",
					"-framework",
					"\"Security\"",
					"-framework",
					"\"SystemConfiguration\"",
					"-framework",
					"\"UIKit\"",
					"-lxml2",
				);
				PRODUCT_BUNDLE_IDENTIFIER = com.svitla.bicycletracker;
				PRODUCT_NAME = "$(TARGET_NAME)";
				PROVISIONING_PROFILE = "";
				SWIFT_OBJC_BRIDGING_HEADER = "Bicycle Tracker-Bridging-Header.h";
			};
			name = Release;
		};
		D062DA881C6BBA7C00C44198 /* Debug */ = {
			isa = XCBuildConfiguration;
			buildSettings = {
				BUNDLE_LOADER = "$(TEST_HOST)";
				INFOPLIST_FILE = Interactor_Bicycle_TrackerTests/Info.plist;
				LD_RUNPATH_SEARCH_PATHS = "$(inherited) @executable_path/Frameworks @loader_path/Frameworks";
				PRODUCT_BUNDLE_IDENTIFIER = "MobileDepartment.Interactor-Bicycle-TrackerTests";
				PRODUCT_NAME = "$(TARGET_NAME)";
				TEST_HOST = "$(BUILT_PRODUCTS_DIR)/Bicycle Tracker.app/Bicycle Tracker";
			};
			name = Debug;
		};
		D062DA891C6BBA7C00C44198 /* Release */ = {
			isa = XCBuildConfiguration;
			buildSettings = {
				BUNDLE_LOADER = "$(TEST_HOST)";
				INFOPLIST_FILE = Interactor_Bicycle_TrackerTests/Info.plist;
				LD_RUNPATH_SEARCH_PATHS = "$(inherited) @executable_path/Frameworks @loader_path/Frameworks";
				PRODUCT_BUNDLE_IDENTIFIER = "MobileDepartment.Interactor-Bicycle-TrackerTests";
				PRODUCT_NAME = "$(TARGET_NAME)";
				TEST_HOST = "$(BUILT_PRODUCTS_DIR)/Bicycle Tracker.app/Bicycle Tracker";
			};
			name = Release;
		};
/* End XCBuildConfiguration section */

/* Begin XCConfigurationList section */
		019558381C68BA7E0053C2CF /* Build configuration list for PBXProject "Bicycle Tracker" */ = {
			isa = XCConfigurationList;
			buildConfigurations = (
				019558631C68BA7E0053C2CF /* Debug */,
				019558641C68BA7E0053C2CF /* Release */,
			);
			defaultConfigurationIsVisible = 0;
			defaultConfigurationName = Debug;
		};
		019558651C68BA7E0053C2CF /* Build configuration list for PBXNativeTarget "Bicycle Tracker" */ = {
			isa = XCConfigurationList;
			buildConfigurations = (
				019558661C68BA7E0053C2CF /* Debug */,
				019558671C68BA7E0053C2CF /* Release */,
			);
			defaultConfigurationIsVisible = 0;
			defaultConfigurationName = Debug;
		};
		D062DA8A1C6BBA7C00C44198 /* Build configuration list for PBXNativeTarget "Interactor_Bicycle_TrackerTests" */ = {
			isa = XCConfigurationList;
			buildConfigurations = (
				D062DA881C6BBA7C00C44198 /* Debug */,
				D062DA891C6BBA7C00C44198 /* Release */,
			);
			defaultConfigurationIsVisible = 0;
			defaultConfigurationName = Debug;
		};
/* End XCConfigurationList section */
	};
	rootObject = 019558351C68BA7E0053C2CF /* Project object */;
}
